
Microsoft Visual Studio Solution File, Format Version 12.00
# Visual Studio Version 17
VisualStudioVersion = 17.9.34701.34
MinimumVisualStudioVersion = 10.0.40219.1
Project("{FAE04EC0-301F-11D3-BF4B-00C04F79EFBC}") = "ExamNETWebAPI", "ExamNETWebAPI.csproj", "{11181115-7561-4B1D-8C24-C8B601575C83}"
EndProject
Project("{FAE04EC0-301F-11D3-BF4B-00C04F79EFBC}") = "Contracts", "..\Contracts\Contracts.csproj", "{FBFD7E4E-FF9D-4F19-B233-5CDE289EDBF9}"
EndProject
Project("{FAE04EC0-301F-11D3-BF4B-00C04F79EFBC}") = "Services", "..\Services\Services.csproj", "{A7E2E2D3-DED9-4527-A2C7-948AF6594260}"
EndProject
Project("{FAE04EC0-301F-11D3-BF4B-00C04F79EFBC}") = "Entity", "..\Entity\Entity.csproj", "{2B5E1BFA-9423-4C23-BD44-4DA54E19531F}"
EndProject
Project("{FAE04EC0-301F-11D3-BF4B-00C04F79EFBC}") = "ProjectTesting", "..\ProjectTesting\ProjectTesting.csproj", "{CAB7EF61-5D0E-4E14-953C-89EC4D1FAA21}"
EndProject
Global
	GlobalSection(SolutionConfigurationPlatforms) = preSolution
		Debug|Any CPU = Debug|Any CPU
		Release|Any CPU = Release|Any CPU
	EndGlobalSection
	GlobalSection(ProjectConfigurationPlatforms) = postSolution
		{11181115-7561-4B1D-8C24-C8B601575C83}.Debug|Any CPU.ActiveCfg = Debug|Any CPU
		{11181115-7561-4B1D-8C24-C8B601575C83}.Debug|Any CPU.Build.0 = Debug|Any CPU
		{11181115-7561-4B1D-8C24-C8B601575C83}.Release|Any CPU.ActiveCfg = Release|Any CPU
		{11181115-7561-4B1D-8C24-C8B601575C83}.Release|Any CPU.Build.0 = Release|Any CPU
		{FBFD7E4E-FF9D-4F19-B233-5CDE289EDBF9}.Debug|Any CPU.ActiveCfg = Debug|Any CPU
		{FBFD7E4E-FF9D-4F19-B233-5CDE289EDBF9}.Debug|Any CPU.Build.0 = Debug|Any CPU
		{FBFD7E4E-FF9D-4F19-B233-5CDE289EDBF9}.Release|Any CPU.ActiveCfg = Release|Any CPU
		{FBFD7E4E-FF9D-4F19-B233-5CDE289EDBF9}.Release|Any CPU.Build.0 = Release|Any CPU
		{A7E2E2D3-DED9-4527-A2C7-948AF6594260}.Debug|Any CPU.ActiveCfg = Debug|Any CPU
		{A7E2E2D3-DED9-4527-A2C7-948AF6594260}.Debug|Any CPU.Build.0 = Debug|Any CPU
		{A7E2E2D3-DED9-4527-A2C7-948AF6594260}.Release|Any CPU.ActiveCfg = Release|Any CPU
		{A7E2E2D3-DED9-4527-A2C7-948AF6594260}.Release|Any CPU.Build.0 = Release|Any CPU
		{2B5E1BFA-9423-4C23-BD44-4DA54E19531F}.Debug|Any CPU.ActiveCfg = Debug|Any CPU
		{2B5E1BFA-9423-4C23-BD44-4DA54E19531F}.Debug|Any CPU.Build.0 = Debug|Any CPU
		{2B5E1BFA-9423-4C23-BD44-4DA54E19531F}.Release|Any CPU.ActiveCfg = Release|Any CPU
		{2B5E1BFA-9423-4C23-BD44-4DA54E19531F}.Release|Any CPU.Build.0 = Release|Any CPU
		{CAB7EF61-5D0E-4E14-953C-89EC4D1FAA21}.Debug|Any CPU.ActiveCfg = Debug|Any CPU
		{CAB7EF61-5D0E-4E14-953C-89EC4D1FAA21}.Debug|Any CPU.Build.0 = Debug|Any CPU
		{CAB7EF61-5D0E-4E14-953C-89EC4D1FAA21}.Release|Any CPU.ActiveCfg = Release|Any CPU
		{CAB7EF61-5D0E-4E14-953C-89EC4D1FAA21}.Release|Any CPU.Build.0 = Release|Any CPU
	EndGlobalSection
	GlobalSection(SolutionProperties) = preSolution
		HideSolutionNode = FALSE
	EndGlobalSection
	GlobalSection(ExtensibilityGlobals) = postSolution
		SolutionGuid = {8488DF0B-F831-4521-B689-670433B5F509}
	EndGlobalSection
EndGlobal
