
Microsoft Visual Studio Solution File, Format Version 12.00
# Visual Studio Version 17
VisualStudioVersion = 17.9.34701.34
MinimumVisualStudioVersion = 10.0.40219.1
Project("{FAE04EC0-301F-11D3-BF4B-00C04F79EFBC}") = "WebExamApi", "WebExamApi\WebExamApi.csproj", "{A73F8AB2-3260-4F67-85F7-99CC890DD4D1}"
EndProject
Project("{FAE04EC0-301F-11D3-BF4B-00C04F79EFBC}") = "Entity", "Entity\Entity.csproj", "{4648EC68-808A-4185-B29C-833A10B1AA8E}"
EndProject
Project("{FAE04EC0-301F-11D3-BF4B-00C04F79EFBC}") = "Services", "Services\Services.csproj", "{A8F9DB0F-A8EF-4E72-A886-9139AD31985C}"
EndProject
Project("{FAE04EC0-301F-11D3-BF4B-00C04F79EFBC}") = "Contracts", "Contracts\Contracts.csproj", "{B6ABC43E-26E8-472C-BFF2-C0184A7607D3}"
EndProject
Global
	GlobalSection(SolutionConfigurationPlatforms) = preSolution
		Debug|Any CPU = Debug|Any CPU
		Release|Any CPU = Release|Any CPU
	EndGlobalSection
	GlobalSection(ProjectConfigurationPlatforms) = postSolution
		{A73F8AB2-3260-4F67-85F7-99CC890DD4D1}.Debug|Any CPU.ActiveCfg = Debug|Any CPU
		{A73F8AB2-3260-4F67-85F7-99CC890DD4D1}.Debug|Any CPU.Build.0 = Debug|Any CPU
		{A73F8AB2-3260-4F67-85F7-99CC890DD4D1}.Release|Any CPU.ActiveCfg = Release|Any CPU
		{A73F8AB2-3260-4F67-85F7-99CC890DD4D1}.Release|Any CPU.Build.0 = Release|Any CPU
		{4648EC68-808A-4185-B29C-833A10B1AA8E}.Debug|Any CPU.ActiveCfg = Debug|Any CPU
		{4648EC68-808A-4185-B29C-833A10B1AA8E}.Debug|Any CPU.Build.0 = Debug|Any CPU
		{4648EC68-808A-4185-B29C-833A10B1AA8E}.Release|Any CPU.ActiveCfg = Release|Any CPU
		{4648EC68-808A-4185-B29C-833A10B1AA8E}.Release|Any CPU.Build.0 = Release|Any CPU
		{A8F9DB0F-A8EF-4E72-A886-9139AD31985C}.Debug|Any CPU.ActiveCfg = Debug|Any CPU
		{A8F9DB0F-A8EF-4E72-A886-9139AD31985C}.Debug|Any CPU.Build.0 = Debug|Any CPU
		{A8F9DB0F-A8EF-4E72-A886-9139AD31985C}.Release|Any CPU.ActiveCfg = Release|Any CPU
		{A8F9DB0F-A8EF-4E72-A886-9139AD31985C}.Release|Any CPU.Build.0 = Release|Any CPU
		{B6ABC43E-26E8-472C-BFF2-C0184A7607D3}.Debug|Any CPU.ActiveCfg = Debug|Any CPU
		{B6ABC43E-26E8-472C-BFF2-C0184A7607D3}.Debug|Any CPU.Build.0 = Debug|Any CPU
		{B6ABC43E-26E8-472C-BFF2-C0184A7607D3}.Release|Any CPU.ActiveCfg = Release|Any CPU
		{B6ABC43E-26E8-472C-BFF2-C0184A7607D3}.Release|Any CPU.Build.0 = Release|Any CPU
	EndGlobalSection
	GlobalSection(SolutionProperties) = preSolution
		HideSolutionNode = FALSE
	EndGlobalSection
	GlobalSection(ExtensibilityGlobals) = postSolution
		SolutionGuid = {FA0DCE5C-AF83-4F72-973F-CF29BBAF12F1}
	EndGlobalSection
EndGlobal
