
Microsoft Visual Studio Solution File, Format Version 12.00
# Visual Studio Version 16
VisualStudioVersion = 25.0.1706.10
MinimumVisualStudioVersion = 10.0.40219.1
Project("{FAE04EC0-301F-11D3-BF4B-00C04F79EFBC}") = "WebAPIExam", "WebAPIExam\WebAPIExam.csproj", "{2D91B591-CA09-4556-9C2F-7FB8F0BEE605}"
EndProject
Project("{FAE04EC0-301F-11D3-BF4B-00C04F79EFBC}") = "Entity", "Entity\Entity.csproj", "{05AAF707-538C-42EF-A43A-90A0EE318842}"
EndProject
Project("{FAE04EC0-301F-11D3-BF4B-00C04F79EFBC}") = "Services", "Services\Services.csproj", "{BD2B16E3-73F4-4AC2-A992-0CE4A4470E87}"
EndProject
Project("{FAE04EC0-301F-11D3-BF4B-00C04F79EFBC}") = "Contracts", "Contracts\Contracts.csproj", "{7F5814C0-6137-42AD-B480-60C546AF890D}"
EndProject
Project("{FAE04EC0-301F-11D3-BF4B-00C04F79EFBC}") = "ExamTesting", "ExamTesting\ExamTesting.csproj", "{6361AB24-E8BE-4AC8-9045-EE2141EFD656}"
EndProject
Global
	GlobalSection(SolutionConfigurationPlatforms) = preSolution
		Debug|Any CPU = Debug|Any CPU
		Release|Any CPU = Release|Any CPU
	EndGlobalSection
	GlobalSection(ProjectConfigurationPlatforms) = postSolution
		{2D91B591-CA09-4556-9C2F-7FB8F0BEE605}.Debug|Any CPU.ActiveCfg = Debug|Any CPU
		{2D91B591-CA09-4556-9C2F-7FB8F0BEE605}.Debug|Any CPU.Build.0 = Debug|Any CPU
		{2D91B591-CA09-4556-9C2F-7FB8F0BEE605}.Release|Any CPU.ActiveCfg = Release|Any CPU
		{2D91B591-CA09-4556-9C2F-7FB8F0BEE605}.Release|Any CPU.Build.0 = Release|Any CPU
		{05AAF707-538C-42EF-A43A-90A0EE318842}.Debug|Any CPU.ActiveCfg = Debug|Any CPU
		{05AAF707-538C-42EF-A43A-90A0EE318842}.Debug|Any CPU.Build.0 = Debug|Any CPU
		{05AAF707-538C-42EF-A43A-90A0EE318842}.Release|Any CPU.ActiveCfg = Release|Any CPU
		{05AAF707-538C-42EF-A43A-90A0EE318842}.Release|Any CPU.Build.0 = Release|Any CPU
		{BD2B16E3-73F4-4AC2-A992-0CE4A4470E87}.Debug|Any CPU.ActiveCfg = Debug|Any CPU
		{BD2B16E3-73F4-4AC2-A992-0CE4A4470E87}.Debug|Any CPU.Build.0 = Debug|Any CPU
		{BD2B16E3-73F4-4AC2-A992-0CE4A4470E87}.Release|Any CPU.ActiveCfg = Release|Any CPU
		{BD2B16E3-73F4-4AC2-A992-0CE4A4470E87}.Release|Any CPU.Build.0 = Release|Any CPU
		{7F5814C0-6137-42AD-B480-60C546AF890D}.Debug|Any CPU.ActiveCfg = Debug|Any CPU
		{7F5814C0-6137-42AD-B480-60C546AF890D}.Debug|Any CPU.Build.0 = Debug|Any CPU
		{7F5814C0-6137-42AD-B480-60C546AF890D}.Release|Any CPU.ActiveCfg = Release|Any CPU
		{7F5814C0-6137-42AD-B480-60C546AF890D}.Release|Any CPU.Build.0 = Release|Any CPU
		{6361AB24-E8BE-4AC8-9045-EE2141EFD656}.Debug|Any CPU.ActiveCfg = Debug|Any CPU
		{6361AB24-E8BE-4AC8-9045-EE2141EFD656}.Debug|Any CPU.Build.0 = Debug|Any CPU
		{6361AB24-E8BE-4AC8-9045-EE2141EFD656}.Release|Any CPU.ActiveCfg = Release|Any CPU
		{6361AB24-E8BE-4AC8-9045-EE2141EFD656}.Release|Any CPU.Build.0 = Release|Any CPU
	EndGlobalSection
	GlobalSection(SolutionProperties) = preSolution
		HideSolutionNode = FALSE
	EndGlobalSection
	GlobalSection(ExtensibilityGlobals) = postSolution
		SolutionGuid = {E79CABFD-2D98-4E9B-BD6D-D0CDD6EADD98}
	EndGlobalSection
EndGlobal
