
Microsoft Visual Studio Solution File, Format Version 12.00
# Visual Studio Version 17
VisualStudioVersion = 17.9.34622.214
MinimumVisualStudioVersion = 10.0.40219.1
Project("{FAE04EC0-301F-11D3-BF4B-00C04F79EFBC}") = "NETWebAPIExam", "NETWebAPIExam\NETWebAPIExam.csproj", "{7C2DED0B-029A-42DC-83A5-190045D3E678}"
EndProject
Project("{FAE04EC0-301F-11D3-BF4B-00C04F79EFBC}") = "Entity", "Entity\Entity.csproj", "{482EAA63-4B32-4776-BC44-6ECD7D138124}"
EndProject
Project("{FAE04EC0-301F-11D3-BF4B-00C04F79EFBC}") = "Contracts", "Contracts\Contracts.csproj", "{2D82BF99-357F-4A81-B538-7B282E2A5D26}"
EndProject
Project("{FAE04EC0-301F-11D3-BF4B-00C04F79EFBC}") = "Services", "Services\Services.csproj", "{E261EAAD-BB48-43CD-8170-A5CFCBEEB21E}"
EndProject
Global
	GlobalSection(SolutionConfigurationPlatforms) = preSolution
		Debug|Any CPU = Debug|Any CPU
		Release|Any CPU = Release|Any CPU
	EndGlobalSection
	GlobalSection(ProjectConfigurationPlatforms) = postSolution
		{7C2DED0B-029A-42DC-83A5-190045D3E678}.Debug|Any CPU.ActiveCfg = Debug|Any CPU
		{7C2DED0B-029A-42DC-83A5-190045D3E678}.Debug|Any CPU.Build.0 = Debug|Any CPU
		{7C2DED0B-029A-42DC-83A5-190045D3E678}.Release|Any CPU.ActiveCfg = Release|Any CPU
		{7C2DED0B-029A-42DC-83A5-190045D3E678}.Release|Any CPU.Build.0 = Release|Any CPU
		{482EAA63-4B32-4776-BC44-6ECD7D138124}.Debug|Any CPU.ActiveCfg = Debug|Any CPU
		{482EAA63-4B32-4776-BC44-6ECD7D138124}.Debug|Any CPU.Build.0 = Debug|Any CPU
		{482EAA63-4B32-4776-BC44-6ECD7D138124}.Release|Any CPU.ActiveCfg = Release|Any CPU
		{482EAA63-4B32-4776-BC44-6ECD7D138124}.Release|Any CPU.Build.0 = Release|Any CPU
		{2D82BF99-357F-4A81-B538-7B282E2A5D26}.Debug|Any CPU.ActiveCfg = Debug|Any CPU
		{2D82BF99-357F-4A81-B538-7B282E2A5D26}.Debug|Any CPU.Build.0 = Debug|Any CPU
		{2D82BF99-357F-4A81-B538-7B282E2A5D26}.Release|Any CPU.ActiveCfg = Release|Any CPU
		{2D82BF99-357F-4A81-B538-7B282E2A5D26}.Release|Any CPU.Build.0 = Release|Any CPU
		{E261EAAD-BB48-43CD-8170-A5CFCBEEB21E}.Debug|Any CPU.ActiveCfg = Debug|Any CPU
		{E261EAAD-BB48-43CD-8170-A5CFCBEEB21E}.Debug|Any CPU.Build.0 = Debug|Any CPU
		{E261EAAD-BB48-43CD-8170-A5CFCBEEB21E}.Release|Any CPU.ActiveCfg = Release|Any CPU
		{E261EAAD-BB48-43CD-8170-A5CFCBEEB21E}.Release|Any CPU.Build.0 = Release|Any CPU
	EndGlobalSection
	GlobalSection(SolutionProperties) = preSolution
		HideSolutionNode = FALSE
	EndGlobalSection
	GlobalSection(ExtensibilityGlobals) = postSolution
		SolutionGuid = {91C68ACE-854D-4F43-986D-FF7F51684C5E}
	EndGlobalSection
EndGlobal
